{
  "name": "snowframework-template",
  "version": "1.0.0",
  "lockfileVersion": 1,
  "requires": true,
  "dependencies": {
    "snowframework": {
      "version": "0.2.2",
      "resolved": "https://registry.npmjs.org/snowframework/-/snowframework-0.2.2.tgz",
      "integrity": "sha512-/1EsCZFnoaNOeufl56jNFDjvORGTBpIMU+3NfAQiIDr+4zZq55jJ8RyjAMVU9DLVHF0M5du0UcFtWNZfSSAB0g==",
      "requires": {
        "snowframework-mvc": "0.1.1"
      }
    },
    "snowframework-mvc": {
      "version": "0.1.1",
      "resolved": "https://registry.npmjs.org/snowframework-mvc/-/snowframework-mvc-0.1.1.tgz",
      "integrity": "sha512-CfrMCeb9BFMrG5Wv7eW7ReqMj3eHDg/hrZRYYkf5PIiCGyL+4aB2/arBTUz5kwmpzWKKcY0+83hKeabjMzr2Jg=="
    }
  }
}
