{
  "requires": true,
  "lockfileVersion": 1,
  "dependencies": {
    "snowframework": {
      "version": "0.0.4",
      "resolved": "https://registry.npmjs.org/snowframework/-/snowframework-0.0.4.tgz",
      "integrity": "sha512-G3Qou4U5UkVecvcmnc39Wl3HDGPhlkVrybspMxh53u9BTlQLgiOKGVGiojgzHezIZ6cm+QNamZEBs6rKqdHSMg=="
    }
  }
}
