{
  "name": "snowframework-template",
  "version": "1.0.0",
  "lockfileVersion": 1,
  "requires": true,
  "dependencies": {
    "snowframework": {
      "version": "0.1.1",
      "resolved": "https://registry.npmjs.org/snowframework/-/snowframework-0.1.1.tgz",
      "integrity": "sha512-QogllJh/y2OGNH3v8gIrpFe4pSQHN9yynNsnBLcAJ3ubH0Fw6hvVKWLPbIJUiAZL5CrJlaAj+mWdlTPWcYUZ0A==",
      "requires": {
        "snowframework-action": "0.0.1"
      }
    },
    "snowframework-action": {
      "version": "0.0.1",
      "resolved": "https://registry.npmjs.org/snowframework-action/-/snowframework-action-0.0.1.tgz",
      "integrity": "sha512-vzYWykdJb/BGNk6qhiiGKGUUt0mX/Ou1xTZtkgN+Q0Q3fXMB7b8q9XNnPfwelJlLoHkSM1rJEgRV77UM9DPmkA=="
    }
  }
}
